// !$*UTF8*$!
{
	archiveVersion = 1;
	classes = {
	};
	objectVersion = 50;
	objects = {

/* Begin PBXBuildFile section */
		063798A221495A0900233806 /* String+Password.swift in Sources */ = {isa = PBXBuildFile; fileRef = 063798A121495A0900233806 /* String+Password.swift */; };
		066AF77B21494317004B2362 /* String+Email.swift in Sources */ = {isa = PBXBuildFile; fileRef = 066AF77A21494317004B2362 /* String+Email.swift */; };
		4224DF0F213FC24B003CA464 /* AppDelegate.swift in Sources */ = {isa = PBXBuildFile; fileRef = 4224DF0E213FC24B003CA464 /* AppDelegate.swift */; };
		4224DF11213FC24B003CA464 /* ViewController.swift in Sources */ = {isa = PBXBuildFile; fileRef = 4224DF10213FC24B003CA464 /* ViewController.swift */; };
		4224DF14213FC24B003CA464 /* Main.storyboard in Resources */ = {isa = PBXBuildFile; fileRef = 4224DF12213FC24B003CA464 /* Main.storyboard */; };
		4224DF17213FC24B003CA464 /* JatTestApp.xcdatamodeld in Sources */ = {isa = PBXBuildFile; fileRef = 4224DF15213FC24B003CA464 /* JatTestApp.xcdatamodeld */; };
		4224DF19213FC24E003CA464 /* Assets.xcassets in Resources */ = {isa = PBXBuildFile; fileRef = 4224DF18213FC24E003CA464 /* Assets.xcassets */; };
		4224DF1C213FC24E003CA464 /* LaunchScreen.storyboard in Resources */ = {isa = PBXBuildFile; fileRef = 4224DF1A213FC24E003CA464 /* LaunchScreen.storyboard */; };
		422B57852141621C00A7A15C /* ResultViewController.swift in Sources */ = {isa = PBXBuildFile; fileRef = 422B57842141621C00A7A15C /* ResultViewController.swift */; };
		423A0953214125ED009B41C4 /* LogInModel.swift in Sources */ = {isa = PBXBuildFile; fileRef = 423A0952214125ED009B41C4 /* LogInModel.swift */; };
		423A095521412F59009B41C4 /* Token.swift in Sources */ = {isa = PBXBuildFile; fileRef = 423A095421412F59009B41C4 /* Token.swift */; };
		423A095921415FA7009B41C4 /* ApiService.swift in Sources */ = {isa = PBXBuildFile; fileRef = 423A095821415FA7009B41C4 /* ApiService.swift */; };
		426BF8AF213FFD6500A1BB54 /* SingUpViewController.swift in Sources */ = {isa = PBXBuildFile; fileRef = 426BF8AE213FFD6500A1BB54 /* SingUpViewController.swift */; };
		426BF8B12140032B00A1BB54 /* AutService.swift in Sources */ = {isa = PBXBuildFile; fileRef = 426BF8B02140032B00A1BB54 /* AutService.swift */; };
		42B3038A2146D0FA00B95E24 /* TextModel.swift in Sources */ = {isa = PBXBuildFile; fileRef = 42B303892146D0FA00B95E24 /* TextModel.swift */; };
		42B3038C2146D1EF00B95E24 /* ErrorModel.swift in Sources */ = {isa = PBXBuildFile; fileRef = 42B3038B2146D1EF00B95E24 /* ErrorModel.swift */; };
		42B3038E2146FD4F00B95E24 /* Locales.swift in Sources */ = {isa = PBXBuildFile; fileRef = 42B3038D2146FD4F00B95E24 /* Locales.swift */; };
/* End PBXBuildFile section */

/* Begin PBXFileReference section */
		063798A121495A0900233806 /* String+Password.swift */ = {isa = PBXFileReference; lastKnownFileType = sourcecode.swift; path = "String+Password.swift"; sourceTree = "<group>"; };
		066AF77A21494317004B2362 /* String+Email.swift */ = {isa = PBXFileReference; lastKnownFileType = sourcecode.swift; path = "String+Email.swift"; sourceTree = "<group>"; };
		4224DF0B213FC24B003CA464 /* JatTestApp.app */ = {isa = PBXFileReference; explicitFileType = wrapper.application; includeInIndex = 0; path = JatTestApp.app; sourceTree = BUILT_PRODUCTS_DIR; };
		4224DF0E213FC24B003CA464 /* AppDelegate.swift */ = {isa = PBXFileReference; lastKnownFileType = sourcecode.swift; path = AppDelegate.swift; sourceTree = "<group>"; };
		4224DF10213FC24B003CA464 /* ViewController.swift */ = {isa = PBXFileReference; lastKnownFileType = sourcecode.swift; path = ViewController.swift; sourceTree = "<group>"; };
		4224DF13213FC24B003CA464 /* Base */ = {isa = PBXFileReference; lastKnownFileType = file.storyboard; name = Base; path = Base.lproj/Main.storyboard; sourceTree = "<group>"; };
		4224DF16213FC24B003CA464 /* JatTestApp.xcdatamodel */ = {isa = PBXFileReference; lastKnownFileType = wrapper.xcdatamodel; path = JatTestApp.xcdatamodel; sourceTree = "<group>"; };
		4224DF18213FC24E003CA464 /* Assets.xcassets */ = {isa = PBXFileReference; lastKnownFileType = folder.assetcatalog; path = Assets.xcassets; sourceTree = "<group>"; };
		4224DF1B213FC24E003CA464 /* Base */ = {isa = PBXFileReference; lastKnownFileType = file.storyboard; name = Base; path = Base.lproj/LaunchScreen.storyboard; sourceTree = "<group>"; };
		4224DF1D213FC24E003CA464 /* Info.plist */ = {isa = PBXFileReference; lastKnownFileType = text.plist.xml; path = Info.plist; sourceTree = "<group>"; };
		422B57842141621C00A7A15C /* ResultViewController.swift */ = {isa = PBXFileReference; lastKnownFileType = sourcecode.swift; path = ResultViewController.swift; sourceTree = "<group>"; };
		423A0952214125ED009B41C4 /* LogInModel.swift */ = {isa = PBXFileReference; lastKnownFileType = sourcecode.swift; path = LogInModel.swift; sourceTree = "<group>"; };
		423A095421412F59009B41C4 /* Token.swift */ = {isa = PBXFileReference; lastKnownFileType = sourcecode.swift; path = Token.swift; sourceTree = "<group>"; };
		423A095821415FA7009B41C4 /* ApiService.swift */ = {isa = PBXFileReference; lastKnownFileType = sourcecode.swift; path = ApiService.swift; sourceTree = "<group>"; };
		426BF8AE213FFD6500A1BB54 /* SingUpViewController.swift */ = {isa = PBXFileReference; lastKnownFileType = sourcecode.swift; path = SingUpViewController.swift; sourceTree = "<group>"; };
		426BF8B02140032B00A1BB54 /* AutService.swift */ = {isa = PBXFileReference; lastKnownFileType = sourcecode.swift; path = AutService.swift; sourceTree = "<group>"; };
		42B303892146D0FA00B95E24 /* TextModel.swift */ = {isa = PBXFileReference; lastKnownFileType = sourcecode.swift; path = TextModel.swift; sourceTree = "<group>"; };
		42B3038B2146D1EF00B95E24 /* ErrorModel.swift */ = {isa = PBXFileReference; lastKnownFileType = sourcecode.swift; path = ErrorModel.swift; sourceTree = "<group>"; };
		42B3038D2146FD4F00B95E24 /* Locales.swift */ = {isa = PBXFileReference; lastKnownFileType = sourcecode.swift; path = Locales.swift; sourceTree = "<group>"; };
/* End PBXFileReference section */

/* Begin PBXFrameworksBuildPhase section */
		4224DF08213FC24B003CA464 /* Frameworks */ = {
			isa = PBXFrameworksBuildPhase;
			buildActionMask = 2147483647;
			files = (
			);
			runOnlyForDeploymentPostprocessing = 0;
		};
/* End PBXFrameworksBuildPhase section */

/* Begin PBXGroup section */
		066AF77921494302004B2362 /* Extensions */ = {
			isa = PBXGroup;
			children = (
				066AF77A21494317004B2362 /* String+Email.swift */,
				063798A121495A0900233806 /* String+Password.swift */,
			);
			path = Extensions;
			sourceTree = "<group>";
		};
		4224DF02213FC24B003CA464 = {
			isa = PBXGroup;
			children = (
				4224DF0D213FC24B003CA464 /* JatTestApp */,
				4224DF0C213FC24B003CA464 /* Products */,
			);
			sourceTree = "<group>";
		};
		4224DF0C213FC24B003CA464 /* Products */ = {
			isa = PBXGroup;
			children = (
				4224DF0B213FC24B003CA464 /* JatTestApp.app */,
			);
			name = Products;
			sourceTree = "<group>";
		};
		4224DF0D213FC24B003CA464 /* JatTestApp */ = {
			isa = PBXGroup;
			children = (
				422B5787214163FE00A7A15C /* ViewControllers */,
				422B5786214163E100A7A15C /* Api */,
				4224DF0E213FC24B003CA464 /* AppDelegate.swift */,
				42B3038D2146FD4F00B95E24 /* Locales.swift */,
				4224DF12213FC24B003CA464 /* Main.storyboard */,
				4224DF18213FC24E003CA464 /* Assets.xcassets */,
				4224DF1A213FC24E003CA464 /* LaunchScreen.storyboard */,
				4224DF1D213FC24E003CA464 /* Info.plist */,
				4224DF15213FC24B003CA464 /* JatTestApp.xcdatamodeld */,
				422B57892141643900A7A15C /* Model */,
			);
			path = JatTestApp;
			sourceTree = "<group>";
		};
		422B5786214163E100A7A15C /* Api */ = {
			isa = PBXGroup;
			children = (
				426BF8B02140032B00A1BB54 /* AutService.swift */,
				423A095821415FA7009B41C4 /* ApiService.swift */,
			);
			name = Api;
			sourceTree = "<group>";
		};
		422B5787214163FE00A7A15C /* ViewControllers */ = {
			isa = PBXGroup;
			children = (
				066AF77921494302004B2362 /* Extensions */,
				4224DF10213FC24B003CA464 /* ViewController.swift */,
				422B57842141621C00A7A15C /* ResultViewController.swift */,
				426BF8AE213FFD6500A1BB54 /* SingUpViewController.swift */,
			);
			path = ViewControllers;
			sourceTree = "<group>";
		};
		422B57892141643900A7A15C /* Model */ = {
			isa = PBXGroup;
			children = (
				42B303892146D0FA00B95E24 /* TextModel.swift */,
				423A0952214125ED009B41C4 /* LogInModel.swift */,
				423A095421412F59009B41C4 /* Token.swift */,
				42B3038B2146D1EF00B95E24 /* ErrorModel.swift */,
			);
			name = Model;
			sourceTree = "<group>";
		};
/* End PBXGroup section */

/* Begin PBXNativeTarget section */
		4224DF0A213FC24B003CA464 /* JatTestApp */ = {
			isa = PBXNativeTarget;
			buildConfigurationList = 4224DF20213FC24E003CA464 /* Build configuration list for PBXNativeTarget "JatTestApp" */;
			buildPhases = (
				4224DF07213FC24B003CA464 /* Sources */,
				4224DF08213FC24B003CA464 /* Frameworks */,
				4224DF09213FC24B003CA464 /* Resources */,
			);
			buildRules = (
			);
			dependencies = (
			);
			name = JatTestApp;
			productName = JatTestApp;
			productReference = 4224DF0B213FC24B003CA464 /* JatTestApp.app */;
			productType = "com.apple.product-type.application";
		};
/* End PBXNativeTarget section */

/* Begin PBXProject section */
		4224DF03213FC24B003CA464 /* Project object */ = {
			isa = PBXProject;
			attributes = {
				LastSwiftUpdateCheck = 0940;
				LastUpgradeCheck = 0940;
				ORGANIZATIONNAME = "Andrey Doroshko";
				TargetAttributes = {
					4224DF0A213FC24B003CA464 = {
						CreatedOnToolsVersion = 9.4.1;
					};
				};
			};
			buildConfigurationList = 4224DF06213FC24B003CA464 /* Build configuration list for PBXProject "JatTestApp" */;
			compatibilityVersion = "Xcode 9.3";
			developmentRegion = en;
			hasScannedForEncodings = 0;
			knownRegions = (
				en,
				Base,
			);
			mainGroup = 4224DF02213FC24B003CA464;
			productRefGroup = 4224DF0C213FC24B003CA464 /* Products */;
			projectDirPath = "";
			projectRoot = "";
			targets = (
				4224DF0A213FC24B003CA464 /* JatTestApp */,
			);
		};
/* End PBXProject section */

/* Begin PBXResourcesBuildPhase section */
		4224DF09213FC24B003CA464 /* Resources */ = {
			isa = PBXResourcesBuildPhase;
			buildActionMask = 2147483647;
			files = (
				4224DF1C213FC24E003CA464 /* LaunchScreen.storyboard in Resources */,
				4224DF19213FC24E003CA464 /* Assets.xcassets in Resources */,
				4224DF14213FC24B003CA464 /* Main.storyboard in Resources */,
			);
			runOnlyForDeploymentPostprocessing = 0;
		};
/* End PBXResourcesBuildPhase section */

/* Begin PBXSourcesBuildPhase section */
		4224DF07213FC24B003CA464 /* Sources */ = {
			isa = PBXSourcesBuildPhase;
			buildActionMask = 2147483647;
			files = (
				4224DF11213FC24B003CA464 /* ViewController.swift in Sources */,
				423A095521412F59009B41C4 /* Token.swift in Sources */,
				426BF8B12140032B00A1BB54 /* AutService.swift in Sources */,
				4224DF17213FC24B003CA464 /* JatTestApp.xcdatamodeld in Sources */,
				42B3038C2146D1EF00B95E24 /* ErrorModel.swift in Sources */,
				423A0953214125ED009B41C4 /* LogInModel.swift in Sources */,
				426BF8AF213FFD6500A1BB54 /* SingUpViewController.swift in Sources */,
				42B3038E2146FD4F00B95E24 /* Locales.swift in Sources */,
				42B3038A2146D0FA00B95E24 /* TextModel.swift in Sources */,
				063798A221495A0900233806 /* String+Password.swift in Sources */,
				423A095921415FA7009B41C4 /* ApiService.swift in Sources */,
				066AF77B21494317004B2362 /* String+Email.swift in Sources */,
				4224DF0F213FC24B003CA464 /* AppDelegate.swift in Sources */,
				422B57852141621C00A7A15C /* ResultViewController.swift in Sources */,
			);
			runOnlyForDeploymentPostprocessing = 0;
		};
/* End PBXSourcesBuildPhase section */

/* Begin PBXVariantGroup section */
		4224DF12213FC24B003CA464 /* Main.storyboard */ = {
			isa = PBXVariantGroup;
			children = (
				4224DF13213FC24B003CA464 /* Base */,
			);
			name = Main.storyboard;
			sourceTree = "<group>";
		};
		4224DF1A213FC24E003CA464 /* LaunchScreen.storyboard */ = {
			isa = PBXVariantGroup;
			children = (
				4224DF1B213FC24E003CA464 /* Base */,
			);
			name = LaunchScreen.storyboard;
			sourceTree = "<group>";
		};
/* End PBXVariantGroup section */

/* Begin XCBuildConfiguration section */
		4224DF1E213FC24E003CA464 /* Debug */ = {
			isa = XCBuildConfiguration;
			buildSettings = {
				ALWAYS_SEARCH_USER_PATHS = NO;
				CLANG_ANALYZER_NONNULL = YES;
				CLANG_ANALYZER_NUMBER_OBJECT_CONVERSION = YES_AGGRESSIVE;
				CLANG_CXX_LANGUAGE_STANDARD = "gnu++14";
				CLANG_CXX_LIBRARY = "libc++";
				CLANG_ENABLE_MODULES = YES;
				CLANG_ENABLE_OBJC_ARC = YES;
				CLANG_ENABLE_OBJC_WEAK = YES;
				CLANG_WARN_BLOCK_CAPTURE_AUTORELEASING = YES;
				CLANG_WARN_BOOL_CONVERSION = YES;
				CLANG_WARN_COMMA = YES;
				CLANG_WARN_CONSTANT_CONVERSION = YES;
				CLANG_WARN_DEPRECATED_OBJC_IMPLEMENTATIONS = YES;
				CLANG_WARN_DIRECT_OBJC_ISA_USAGE = YES_ERROR;
				CLANG_WARN_DOCUMENTATION_COMMENTS = YES;
				CLANG_WARN_EMPTY_BODY = YES;
				CLANG_WARN_ENUM_CONVERSION = YES;
				CLANG_WARN_INFINITE_RECURSION = YES;
				CLANG_WARN_INT_CONVERSION = YES;
				CLANG_WARN_NON_LITERAL_NULL_CONVERSION = YES;
				CLANG_WARN_OBJC_IMPLICIT_RETAIN_SELF = YES;
				CLANG_WARN_OBJC_LITERAL_CONVERSION = YES;
				CLANG_WARN_OBJC_ROOT_CLASS = YES_ERROR;
				CLANG_WARN_RANGE_LOOP_ANALYSIS = YES;
				CLANG_WARN_STRICT_PROTOTYPES = YES;
				CLANG_WARN_SUSPICIOUS_MOVE = YES;
				CLANG_WARN_UNGUARDED_AVAILABILITY = YES_AGGRESSIVE;
				CLANG_WARN_UNREACHABLE_CODE = YES;
				CLANG_WARN__DUPLICATE_METHOD_MATCH = YES;
				CODE_SIGN_IDENTITY = "iPhone Developer";
				COPY_PHASE_STRIP = NO;
				DEBUG_INFORMATION_FORMAT = dwarf;
				ENABLE_STRICT_OBJC_MSGSEND = YES;
				ENABLE_TESTABILITY = YES;
				GCC_C_LANGUAGE_STANDARD = gnu11;
				GCC_DYNAMIC_NO_PIC = NO;
				GCC_NO_COMMON_BLOCKS = YES;
				GCC_OPTIMIZATION_LEVEL = 0;
				GCC_PREPROCESSOR_DEFINITIONS = (
					"DEBUG=1",
					"$(inherited)",
				);
				GCC_WARN_64_TO_32_BIT_CONVERSION = YES;
				GCC_WARN_ABOUT_RETURN_TYPE = YES_ERROR;
				GCC_WARN_UNDECLARED_SELECTOR = YES;
				GCC_WARN_UNINITIALIZED_AUTOS = YES_AGGRESSIVE;
				GCC_WARN_UNUSED_FUNCTION = YES;
				GCC_WARN_UNUSED_VARIABLE = YES;
				IPHONEOS_DEPLOYMENT_TARGET = 11.4;
				MTL_ENABLE_DEBUG_INFO = YES;
				ONLY_ACTIVE_ARCH = YES;
				SDKROOT = iphoneos;
				SWIFT_ACTIVE_COMPILATION_CONDITIONS = DEBUG;
				SWIFT_OPTIMIZATION_LEVEL = "-Onone";
			};
			name = Debug;
		};
		4224DF1F213FC24E003CA464 /* Release */ = {
			isa = XCBuildConfiguration;
			buildSettings = {
				ALWAYS_SEARCH_USER_PATHS = NO;
				CLANG_ANALYZER_NONNULL = YES;
				CLANG_ANALYZER_NUMBER_OBJECT_CONVERSION = YES_AGGRESSIVE;
				CLANG_CXX_LANGUAGE_STANDARD = "gnu++14";
				CLANG_CXX_LIBRARY = "libc++";
				CLANG_ENABLE_MODULES = YES;
				CLANG_ENABLE_OBJC_ARC = YES;
				CLANG_ENABLE_OBJC_WEAK = YES;
				CLANG_WARN_BLOCK_CAPTURE_AUTORELEASING = YES;
				CLANG_WARN_BOOL_CONVERSION = YES;
				CLANG_WARN_COMMA = YES;
				CLANG_WARN_CONSTANT_CONVERSION = YES;
				CLANG_WARN_DEPRECATED_OBJC_IMPLEMENTATIONS = YES;
				CLANG_WARN_DIRECT_OBJC_ISA_USAGE = YES_ERROR;
				CLANG_WARN_DOCUMENTATION_COMMENTS = YES;
				CLANG_WARN_EMPTY_BODY = YES;
				CLANG_WARN_ENUM_CONVERSION = YES;
				CLANG_WARN_INFINITE_RECURSION = YES;
				CLANG_WARN_INT_CONVERSION = YES;
				CLANG_WARN_NON_LITERAL_NULL_CONVERSION = YES;
				CLANG_WARN_OBJC_IMPLICIT_RETAIN_SELF = YES;
				CLANG_WARN_OBJC_LITERAL_CONVERSION = YES;
				CLANG_WARN_OBJC_ROOT_CLASS = YES_ERROR;
				CLANG_WARN_RANGE_LOOP_ANALYSIS = YES;
				CLANG_WARN_STRICT_PROTOTYPES = YES;
				CLANG_WARN_SUSPICIOUS_MOVE = YES;
				CLANG_WARN_UNGUARDED_AVAILABILITY = YES_AGGRESSIVE;
				CLANG_WARN_UNREACHABLE_CODE = YES;
				CLANG_WARN__DUPLICATE_METHOD_MATCH = YES;
				CODE_SIGN_IDENTITY = "iPhone Developer";
				COPY_PHASE_STRIP = NO;
				DEBUG_INFORMATION_FORMAT = "dwarf-with-dsym";
				ENABLE_NS_ASSERTIONS = NO;
				ENABLE_STRICT_OBJC_MSGSEND = YES;
				GCC_C_LANGUAGE_STANDARD = gnu11;
				GCC_NO_COMMON_BLOCKS = YES;
				GCC_WARN_64_TO_32_BIT_CONVERSION = YES;
				GCC_WARN_ABOUT_RETURN_TYPE = YES_ERROR;
				GCC_WARN_UNDECLARED_SELECTOR = YES;
				GCC_WARN_UNINITIALIZED_AUTOS = YES_AGGRESSIVE;
				GCC_WARN_UNUSED_FUNCTION = YES;
				GCC_WARN_UNUSED_VARIABLE = YES;
				IPHONEOS_DEPLOYMENT_TARGET = 11.4;
				MTL_ENABLE_DEBUG_INFO = NO;
				SDKROOT = iphoneos;
				SWIFT_COMPILATION_MODE = wholemodule;
				SWIFT_OPTIMIZATION_LEVEL = "-O";
				VALIDATE_PRODUCT = YES;
			};
			name = Release;
		};
		4224DF21213FC24E003CA464 /* Debug */ = {
			isa = XCBuildConfiguration;
			buildSettings = {
				ASSETCATALOG_COMPILER_APPICON_NAME = AppIcon;
				CODE_SIGN_STYLE = Automatic;
				DEVELOPMENT_TEAM = "";
				INFOPLIST_FILE = JatTestApp/Info.plist;
				IPHONEOS_DEPLOYMENT_TARGET = 11.4;
				LD_RUNPATH_SEARCH_PATHS = (
					"$(inherited)",
					"@executable_path/Frameworks",
				);
				PRODUCT_BUNDLE_IDENTIFIER = Personal.JatTestApp;
				PRODUCT_NAME = "$(TARGET_NAME)";
				SWIFT_VERSION = 4.0;
				TARGETED_DEVICE_FAMILY = "1,2";
			};
			name = Debug;
		};
		4224DF22213FC24E003CA464 /* Release */ = {
			isa = XCBuildConfiguration;
			buildSettings = {
				ASSETCATALOG_COMPILER_APPICON_NAME = AppIcon;
				CODE_SIGN_STYLE = Automatic;
				DEVELOPMENT_TEAM = "";
				INFOPLIST_FILE = JatTestApp/Info.plist;
				IPHONEOS_DEPLOYMENT_TARGET = 11.4;
				LD_RUNPATH_SEARCH_PATHS = (
					"$(inherited)",
					"@executable_path/Frameworks",
				);
				PRODUCT_BUNDLE_IDENTIFIER = Personal.JatTestApp;
				PRODUCT_NAME = "$(TARGET_NAME)";
				SWIFT_VERSION = 4.0;
				TARGETED_DEVICE_FAMILY = "1,2";
			};
			name = Release;
		};
/* End XCBuildConfiguration section */

/* Begin XCConfigurationList section */
		4224DF06213FC24B003CA464 /* Build configuration list for PBXProject "JatTestApp" */ = {
			isa = XCConfigurationList;
			buildConfigurations = (
				4224DF1E213FC24E003CA464 /* Debug */,
				4224DF1F213FC24E003CA464 /* Release */,
			);
			defaultConfigurationIsVisible = 0;
			defaultConfigurationName = Release;
		};
		4224DF20213FC24E003CA464 /* Build configuration list for PBXNativeTarget "JatTestApp" */ = {
			isa = XCConfigurationList;
			buildConfigurations = (
				4224DF21213FC24E003CA464 /* Debug */,
				4224DF22213FC24E003CA464 /* Release */,
			);
			defaultConfigurationIsVisible = 0;
			defaultConfigurationName = Release;
		};
/* End XCConfigurationList section */

/* Begin XCVersionGroup section */
		4224DF15213FC24B003CA464 /* JatTestApp.xcdatamodeld */ = {
			isa = XCVersionGroup;
			children = (
				4224DF16213FC24B003CA464 /* JatTestApp.xcdatamodel */,
			);
			currentVersion = 4224DF16213FC24B003CA464 /* JatTestApp.xcdatamodel */;
			path = JatTestApp.xcdatamodeld;
			sourceTree = "<group>";
			versionGroupType = wrapper.xcdatamodel;
		};
/* End XCVersionGroup section */
	};
	rootObject = 4224DF03213FC24B003CA464 /* Project object */;
}
